
Microsoft Visual Studio Solution File, Format Version 12.00
# Visual Studio 15
Project("{FAE04EC0-301F-11D3-BF4B-00C04F79EFBC}") = "ApiRest", "ApiRest.csproj", "{B2A275E1-1EA0-4220-8421-BB884A5D1CEA}"
EndProject
Global
	GlobalSection(SolutionConfigurationPlatforms) = preSolution
		Debug|Any CPU = Debug|Any CPU
		Release|Any CPU = Release|Any CPU
	EndGlobalSection
	GlobalSection(ProjectConfigurationPlatforms) = postSolution
		{B2A275E1-1EA0-4220-8421-BB884A5D1CEA}.Debug|Any CPU.ActiveCfg = Debug|Any CPU
		{B2A275E1-1EA0-4220-8421-BB884A5D1CEA}.Debug|Any CPU.Build.0 = Debug|Any CPU
		{B2A275E1-1EA0-4220-8421-BB884A5D1CEA}.Release|Any CPU.ActiveCfg = Release|Any CPU
		{B2A275E1-1EA0-4220-8421-BB884A5D1CEA}.Release|Any CPU.Build.0 = Release|Any CPU
	EndGlobalSection
EndGlobal
